// !$*UTF8*$!
{
	archiveVersion = 1;
	classes = {
	};
	objectVersion = 50;
	objects = {

/* Begin PBXBuildFile section */
		ADF2059D231FC225003E2629 /* AppDelegate.swift in Sources */ = {isa = PBXBuildFile; fileRef = ADF2059C231FC225003E2629 /* AppDelegate.swift */; };
		ADF2059F231FC225003E2629 /* SceneDelegate.swift in Sources */ = {isa = PBXBuildFile; fileRef = ADF2059E231FC225003E2629 /* SceneDelegate.swift */; };
		ADF205A1231FC225003E2629 /* ViewController.swift in Sources */ = {isa = PBXBuildFile; fileRef = ADF205A0231FC225003E2629 /* ViewController.swift */; };
		ADF205A4231FC225003E2629 /* Main.storyboard in Resources */ = {isa = PBXBuildFile; fileRef = ADF205A2231FC225003E2629 /* Main.storyboard */; };
		ADF205A6231FC228003E2629 /* Assets.xcassets in Resources */ = {isa = PBXBuildFile; fileRef = ADF205A5231FC228003E2629 /* Assets.xcassets */; };
		ADF205A9231FC228003E2629 /* LaunchScreen.storyboard in Resources */ = {isa = PBXBuildFile; fileRef = ADF205A7231FC228003E2629 /* LaunchScreen.storyboard */; };
		ADF205B4231FC228003E2629 /* SignInWithAppleTests.swift in Sources */ = {isa = PBXBuildFile; fileRef = ADF205B3231FC228003E2629 /* SignInWithAppleTests.swift */; };
		ADF205BF231FC228003E2629 /* SignInWithAppleUITests.swift in Sources */ = {isa = PBXBuildFile; fileRef = ADF205BE231FC228003E2629 /* SignInWithAppleUITests.swift */; };
/* End PBXBuildFile section */

/* Begin PBXContainerItemProxy section */
		ADF205B0231FC228003E2629 /* PBXContainerItemProxy */ = {
			isa = PBXContainerItemProxy;
			containerPortal = ADF20591231FC225003E2629 /* Project object */;
			proxyType = 1;
			remoteGlobalIDString = ADF20598231FC225003E2629;
			remoteInfo = SignInWithApple;
		};
		ADF205BB231FC228003E2629 /* PBXContainerItemProxy */ = {
			isa = PBXContainerItemProxy;
			containerPortal = ADF20591231FC225003E2629 /* Project object */;
			proxyType = 1;
			remoteGlobalIDString = ADF20598231FC225003E2629;
			remoteInfo = SignInWithApple;
		};
/* End PBXContainerItemProxy section */

/* Begin PBXFileReference section */
		ADF20599231FC225003E2629 /* SignInWithApple.app */ = {isa = PBXFileReference; explicitFileType = wrapper.application; includeInIndex = 0; path = SignInWithApple.app; sourceTree = BUILT_PRODUCTS_DIR; };
		ADF2059C231FC225003E2629 /* AppDelegate.swift */ = {isa = PBXFileReference; lastKnownFileType = sourcecode.swift; path = AppDelegate.swift; sourceTree = "<group>"; };
		ADF2059E231FC225003E2629 /* SceneDelegate.swift */ = {isa = PBXFileReference; lastKnownFileType = sourcecode.swift; path = SceneDelegate.swift; sourceTree = "<group>"; };
		ADF205A0231FC225003E2629 /* ViewController.swift */ = {isa = PBXFileReference; lastKnownFileType = sourcecode.swift; path = ViewController.swift; sourceTree = "<group>"; };
		ADF205A3231FC225003E2629 /* Base */ = {isa = PBXFileReference; lastKnownFileType = file.storyboard; name = Base; path = Base.lproj/Main.storyboard; sourceTree = "<group>"; };
		ADF205A5231FC228003E2629 /* Assets.xcassets */ = {isa = PBXFileReference; lastKnownFileType = folder.assetcatalog; path = Assets.xcassets; sourceTree = "<group>"; };
		ADF205A8231FC228003E2629 /* Base */ = {isa = PBXFileReference; lastKnownFileType = file.storyboard; name = Base; path = Base.lproj/LaunchScreen.storyboard; sourceTree = "<group>"; };
		ADF205AA231FC228003E2629 /* Info.plist */ = {isa = PBXFileReference; lastKnownFileType = text.plist.xml; path = Info.plist; sourceTree = "<group>"; };
		ADF205AF231FC228003E2629 /* SignInWithAppleTests.xctest */ = {isa = PBXFileReference; explicitFileType = wrapper.cfbundle; includeInIndex = 0; path = SignInWithAppleTests.xctest; sourceTree = BUILT_PRODUCTS_DIR; };
		ADF205B3231FC228003E2629 /* SignInWithAppleTests.swift */ = {isa = PBXFileReference; lastKnownFileType = sourcecode.swift; path = SignInWithAppleTests.swift; sourceTree = "<group>"; };
		ADF205B5231FC228003E2629 /* Info.plist */ = {isa = PBXFileReference; lastKnownFileType = text.plist.xml; path = Info.plist; sourceTree = "<group>"; };
		ADF205BA231FC228003E2629 /* SignInWithAppleUITests.xctest */ = {isa = PBXFileReference; explicitFileType = wrapper.cfbundle; includeInIndex = 0; path = SignInWithAppleUITests.xctest; sourceTree = BUILT_PRODUCTS_DIR; };
		ADF205BE231FC228003E2629 /* SignInWithAppleUITests.swift */ = {isa = PBXFileReference; lastKnownFileType = sourcecode.swift; path = SignInWithAppleUITests.swift; sourceTree = "<group>"; };
		ADF205C0231FC228003E2629 /* Info.plist */ = {isa = PBXFileReference; lastKnownFileType = text.plist.xml; path = Info.plist; sourceTree = "<group>"; };
/* End PBXFileReference section */

/* Begin PBXFrameworksBuildPhase section */
		ADF20596231FC225003E2629 /* Frameworks */ = {
			isa = PBXFrameworksBuildPhase;
			buildActionMask = 2147483647;
			files = (
			);
			runOnlyForDeploymentPostprocessing = 0;
		};
		ADF205AC231FC228003E2629 /* Frameworks */ = {
			isa = PBXFrameworksBuildPhase;
			buildActionMask = 2147483647;
			files = (
			);
			runOnlyForDeploymentPostprocessing = 0;
		};
		ADF205B7231FC228003E2629 /* Frameworks */ = {
			isa = PBXFrameworksBuildPhase;
			buildActionMask = 2147483647;
			files = (
			);
			runOnlyForDeploymentPostprocessing = 0;
		};
/* End PBXFrameworksBuildPhase section */

/* Begin PBXGroup section */
		ADF20590231FC225003E2629 = {
			isa = PBXGroup;
			children = (
				ADF2059B231FC225003E2629 /* SignInWithApple */,
				ADF205B2231FC228003E2629 /* SignInWithAppleTests */,
				ADF205BD231FC228003E2629 /* SignInWithAppleUITests */,
				ADF2059A231FC225003E2629 /* Products */,
			);
			sourceTree = "<group>";
		};
		ADF2059A231FC225003E2629 /* Products */ = {
			isa = PBXGroup;
			children = (
				ADF20599231FC225003E2629 /* SignInWithApple.app */,
				ADF205AF231FC228003E2629 /* SignInWithAppleTests.xctest */,
				ADF205BA231FC228003E2629 /* SignInWithAppleUITests.xctest */,
			);
			name = Products;
			sourceTree = "<group>";
		};
		ADF2059B231FC225003E2629 /* SignInWithApple */ = {
			isa = PBXGroup;
			children = (
				ADF2059C231FC225003E2629 /* AppDelegate.swift */,
				ADF2059E231FC225003E2629 /* SceneDelegate.swift */,
				ADF205A0231FC225003E2629 /* ViewController.swift */,
				ADF205A2231FC225003E2629 /* Main.storyboard */,
				ADF205A5231FC228003E2629 /* Assets.xcassets */,
				ADF205A7231FC228003E2629 /* LaunchScreen.storyboard */,
				ADF205AA231FC228003E2629 /* Info.plist */,
			);
			path = SignInWithApple;
			sourceTree = "<group>";
		};
		ADF205B2231FC228003E2629 /* SignInWithAppleTests */ = {
			isa = PBXGroup;
			children = (
				ADF205B3231FC228003E2629 /* SignInWithAppleTests.swift */,
				ADF205B5231FC228003E2629 /* Info.plist */,
			);
			path = SignInWithAppleTests;
			sourceTree = "<group>";
		};
		ADF205BD231FC228003E2629 /* SignInWithAppleUITests */ = {
			isa = PBXGroup;
			children = (
				ADF205BE231FC228003E2629 /* SignInWithAppleUITests.swift */,
				ADF205C0231FC228003E2629 /* Info.plist */,
			);
			path = SignInWithAppleUITests;
			sourceTree = "<group>";
		};
/* End PBXGroup section */

/* Begin PBXNativeTarget section */
		ADF20598231FC225003E2629 /* SignInWithApple */ = {
			isa = PBXNativeTarget;
			buildConfigurationList = ADF205C3231FC228003E2629 /* Build configuration list for PBXNativeTarget "SignInWithApple" */;
			buildPhases = (
				ADF20595231FC225003E2629 /* Sources */,
				ADF20596231FC225003E2629 /* Frameworks */,
				ADF20597231FC225003E2629 /* Resources */,
			);
			buildRules = (
			);
			dependencies = (
			);
			name = SignInWithApple;
			productName = SignInWithApple;
			productReference = ADF20599231FC225003E2629 /* SignInWithApple.app */;
			productType = "com.apple.product-type.application";
		};
		ADF205AE231FC228003E2629 /* SignInWithAppleTests */ = {
			isa = PBXNativeTarget;
			buildConfigurationList = ADF205C6231FC228003E2629 /* Build configuration list for PBXNativeTarget "SignInWithAppleTests" */;
			buildPhases = (
				ADF205AB231FC228003E2629 /* Sources */,
				ADF205AC231FC228003E2629 /* Frameworks */,
				ADF205AD231FC228003E2629 /* Resources */,
			);
			buildRules = (
			);
			dependencies = (
				ADF205B1231FC228003E2629 /* PBXTargetDependency */,
			);
			name = SignInWithAppleTests;
			productName = SignInWithAppleTests;
			productReference = ADF205AF231FC228003E2629 /* SignInWithAppleTests.xctest */;
			productType = "com.apple.product-type.bundle.unit-test";
		};
		ADF205B9231FC228003E2629 /* SignInWithAppleUITests */ = {
			isa = PBXNativeTarget;
			buildConfigurationList = ADF205C9231FC228003E2629 /* Build configuration list for PBXNativeTarget "SignInWithAppleUITests" */;
			buildPhases = (
				ADF205B6231FC228003E2629 /* Sources */,
				ADF205B7231FC228003E2629 /* Frameworks */,
				ADF205B8231FC228003E2629 /* Resources */,
			);
			buildRules = (
			);
			dependencies = (
				ADF205BC231FC228003E2629 /* PBXTargetDependency */,
			);
			name = SignInWithAppleUITests;
			productName = SignInWithAppleUITests;
			productReference = ADF205BA231FC228003E2629 /* SignInWithAppleUITests.xctest */;
			productType = "com.apple.product-type.bundle.ui-testing";
		};
/* End PBXNativeTarget section */

/* Begin PBXProject section */
		ADF20591231FC225003E2629 /* Project object */ = {
			isa = PBXProject;
			attributes = {
				LastSwiftUpdateCheck = 1100;
				LastUpgradeCheck = 1100;
				ORGANIZATIONNAME = Sudhanshu;
				TargetAttributes = {
					ADF20598231FC225003E2629 = {
						CreatedOnToolsVersion = 11.0;
					};
					ADF205AE231FC228003E2629 = {
						CreatedOnToolsVersion = 11.0;
						TestTargetID = ADF20598231FC225003E2629;
					};
					ADF205B9231FC228003E2629 = {
						CreatedOnToolsVersion = 11.0;
						TestTargetID = ADF20598231FC225003E2629;
					};
				};
			};
			buildConfigurationList = ADF20594231FC225003E2629 /* Build configuration list for PBXProject "SignInWithApple" */;
			compatibilityVersion = "Xcode 9.3";
			developmentRegion = en;
			hasScannedForEncodings = 0;
			knownRegions = (
				en,
				Base,
			);
			mainGroup = ADF20590231FC225003E2629;
			productRefGroup = ADF2059A231FC225003E2629 /* Products */;
			projectDirPath = "";
			projectRoot = "";
			targets = (
				ADF20598231FC225003E2629 /* SignInWithApple */,
				ADF205AE231FC228003E2629 /* SignInWithAppleTests */,
				ADF205B9231FC228003E2629 /* SignInWithAppleUITests */,
			);
		};
/* End PBXProject section */

/* Begin PBXResourcesBuildPhase section */
		ADF20597231FC225003E2629 /* Resources */ = {
			isa = PBXResourcesBuildPhase;
			buildActionMask = 2147483647;
			files = (
				ADF205A9231FC228003E2629 /* LaunchScreen.storyboard in Resources */,
				ADF205A6231FC228003E2629 /* Assets.xcassets in Resources */,
				ADF205A4231FC225003E2629 /* Main.storyboard in Resources */,
			);
			runOnlyForDeploymentPostprocessing = 0;
		};
		ADF205AD231FC228003E2629 /* Resources */ = {
			isa = PBXResourcesBuildPhase;
			buildActionMask = 2147483647;
			files = (
			);
			runOnlyForDeploymentPostprocessing = 0;
		};
		ADF205B8231FC228003E2629 /* Resources */ = {
			isa = PBXResourcesBuildPhase;
			buildActionMask = 2147483647;
			files = (
			);
			runOnlyForDeploymentPostprocessing = 0;
		};
/* End PBXResourcesBuildPhase section */

/* Begin PBXSourcesBuildPhase section */
		ADF20595231FC225003E2629 /* Sources */ = {
			isa = PBXSourcesBuildPhase;
			buildActionMask = 2147483647;
			files = (
				ADF205A1231FC225003E2629 /* ViewController.swift in Sources */,
				ADF2059D231FC225003E2629 /* AppDelegate.swift in Sources */,
				ADF2059F231FC225003E2629 /* SceneDelegate.swift in Sources */,
			);
			runOnlyForDeploymentPostprocessing = 0;
		};
		ADF205AB231FC228003E2629 /* Sources */ = {
			isa = PBXSourcesBuildPhase;
			buildActionMask = 2147483647;
			files = (
				ADF205B4231FC228003E2629 /* SignInWithAppleTests.swift in Sources */,
			);
			runOnlyForDeploymentPostprocessing = 0;
		};
		ADF205B6231FC228003E2629 /* Sources */ = {
			isa = PBXSourcesBuildPhase;
			buildActionMask = 2147483647;
			files = (
				ADF205BF231FC228003E2629 /* SignInWithAppleUITests.swift in Sources */,
			);
			runOnlyForDeploymentPostprocessing = 0;
		};
/* End PBXSourcesBuildPhase section */

/* Begin PBXTargetDependency section */
		ADF205B1231FC228003E2629 /* PBXTargetDependency */ = {
			isa = PBXTargetDependency;
			target = ADF20598231FC225003E2629 /* SignInWithApple */;
			targetProxy = ADF205B0231FC228003E2629 /* PBXContainerItemProxy */;
		};
		ADF205BC231FC228003E2629 /* PBXTargetDependency */ = {
			isa = PBXTargetDependency;
			target = ADF20598231FC225003E2629 /* SignInWithApple */;
			targetProxy = ADF205BB231FC228003E2629 /* PBXContainerItemProxy */;
		};
/* End PBXTargetDependency section */

/* Begin PBXVariantGroup section */
		ADF205A2231FC225003E2629 /* Main.storyboard */ = {
			isa = PBXVariantGroup;
			children = (
				ADF205A3231FC225003E2629 /* Base */,
			);
			name = Main.storyboard;
			sourceTree = "<group>";
		};
		ADF205A7231FC228003E2629 /* LaunchScreen.storyboard */ = {
			isa = PBXVariantGroup;
			children = (
				ADF205A8231FC228003E2629 /* Base */,
			);
			name = LaunchScreen.storyboard;
			sourceTree = "<group>";
		};
/* End PBXVariantGroup section */

/* Begin XCBuildConfiguration section */
		ADF205C1231FC228003E2629 /* Debug */ = {
			isa = XCBuildConfiguration;
			buildSettings = {
				ALWAYS_SEARCH_USER_PATHS = NO;
				CLANG_ANALYZER_NONNULL = YES;
				CLANG_ANALYZER_NUMBER_OBJECT_CONVERSION = YES_AGGRESSIVE;
				CLANG_CXX_LANGUAGE_STANDARD = "gnu++14";
				CLANG_CXX_LIBRARY = "libc++";
				CLANG_ENABLE_MODULES = YES;
				CLANG_ENABLE_OBJC_ARC = YES;
				CLANG_ENABLE_OBJC_WEAK = YES;
				CLANG_WARN_BLOCK_CAPTURE_AUTORELEASING = YES;
				CLANG_WARN_BOOL_CONVERSION = YES;
				CLANG_WARN_COMMA = YES;
				CLANG_WARN_CONSTANT_CONVERSION = YES;
				CLANG_WARN_DEPRECATED_OBJC_IMPLEMENTATIONS = YES;
				CLANG_WARN_DIRECT_OBJC_ISA_USAGE = YES_ERROR;
				CLANG_WARN_DOCUMENTATION_COMMENTS = YES;
				CLANG_WARN_EMPTY_BODY = YES;
				CLANG_WARN_ENUM_CONVERSION = YES;
				CLANG_WARN_INFINITE_RECURSION = YES;
				CLANG_WARN_INT_CONVERSION = YES;
				CLANG_WARN_NON_LITERAL_NULL_CONVERSION = YES;
				CLANG_WARN_OBJC_IMPLICIT_RETAIN_SELF = YES;
				CLANG_WARN_OBJC_LITERAL_CONVERSION = YES;
				CLANG_WARN_OBJC_ROOT_CLASS = YES_ERROR;
				CLANG_WARN_RANGE_LOOP_ANALYSIS = YES;
				CLANG_WARN_STRICT_PROTOTYPES = YES;
				CLANG_WARN_SUSPICIOUS_MOVE = YES;
				CLANG_WARN_UNGUARDED_AVAILABILITY = YES_AGGRESSIVE;
				CLANG_WARN_UNREACHABLE_CODE = YES;
				CLANG_WARN__DUPLICATE_METHOD_MATCH = YES;
				COPY_PHASE_STRIP = NO;
				DEBUG_INFORMATION_FORMAT = dwarf;
				ENABLE_STRICT_OBJC_MSGSEND = YES;
				ENABLE_TESTABILITY = YES;
				GCC_C_LANGUAGE_STANDARD = gnu11;
				GCC_DYNAMIC_NO_PIC = NO;
				GCC_NO_COMMON_BLOCKS = YES;
				GCC_OPTIMIZATION_LEVEL = 0;
				GCC_PREPROCESSOR_DEFINITIONS = (
					"DEBUG=1",
					"$(inherited)",
				);
				GCC_WARN_64_TO_32_BIT_CONVERSION = YES;
				GCC_WARN_ABOUT_RETURN_TYPE = YES_ERROR;
				GCC_WARN_UNDECLARED_SELECTOR = YES;
				GCC_WARN_UNINITIALIZED_AUTOS = YES_AGGRESSIVE;
				GCC_WARN_UNUSED_FUNCTION = YES;
				GCC_WARN_UNUSED_VARIABLE = YES;
				IPHONEOS_DEPLOYMENT_TARGET = 13.0;
				MTL_ENABLE_DEBUG_INFO = INCLUDE_SOURCE;
				MTL_FAST_MATH = YES;
				ONLY_ACTIVE_ARCH = YES;
				SDKROOT = iphoneos;
				SWIFT_ACTIVE_COMPILATION_CONDITIONS = DEBUG;
				SWIFT_OPTIMIZATION_LEVEL = "-Onone";
			};
			name = Debug;
		};
		ADF205C2231FC228003E2629 /* Release */ = {
			isa = XCBuildConfiguration;
			buildSettings = {
				ALWAYS_SEARCH_USER_PATHS = NO;
				CLANG_ANALYZER_NONNULL = YES;
				CLANG_ANALYZER_NUMBER_OBJECT_CONVERSION = YES_AGGRESSIVE;
				CLANG_CXX_LANGUAGE_STANDARD = "gnu++14";
				CLANG_CXX_LIBRARY = "libc++";
				CLANG_ENABLE_MODULES = YES;
				CLANG_ENABLE_OBJC_ARC = YES;
				CLANG_ENABLE_OBJC_WEAK = YES;
				CLANG_WARN_BLOCK_CAPTURE_AUTORELEASING = YES;
				CLANG_WARN_BOOL_CONVERSION = YES;
				CLANG_WARN_COMMA = YES;
				CLANG_WARN_CONSTANT_CONVERSION = YES;
				CLANG_WARN_DEPRECATED_OBJC_IMPLEMENTATIONS = YES;
				CLANG_WARN_DIRECT_OBJC_ISA_USAGE = YES_ERROR;
				CLANG_WARN_DOCUMENTATION_COMMENTS = YES;
				CLANG_WARN_EMPTY_BODY = YES;
				CLANG_WARN_ENUM_CONVERSION = YES;
				CLANG_WARN_INFINITE_RECURSION = YES;
				CLANG_WARN_INT_CONVERSION = YES;
				CLANG_WARN_NON_LITERAL_NULL_CONVERSION = YES;
				CLANG_WARN_OBJC_IMPLICIT_RETAIN_SELF = YES;
				CLANG_WARN_OBJC_LITERAL_CONVERSION = YES;
				CLANG_WARN_OBJC_ROOT_CLASS = YES_ERROR;
				CLANG_WARN_RANGE_LOOP_ANALYSIS = YES;
				CLANG_WARN_STRICT_PROTOTYPES = YES;
				CLANG_WARN_SUSPICIOUS_MOVE = YES;
				CLANG_WARN_UNGUARDED_AVAILABILITY = YES_AGGRESSIVE;
				CLANG_WARN_UNREACHABLE_CODE = YES;
				CLANG_WARN__DUPLICATE_METHOD_MATCH = YES;
				COPY_PHASE_STRIP = NO;
				DEBUG_INFORMATION_FORMAT = "dwarf-with-dsym";
				ENABLE_NS_ASSERTIONS = NO;
				ENABLE_STRICT_OBJC_MSGSEND = YES;
				GCC_C_LANGUAGE_STANDARD = gnu11;
				GCC_NO_COMMON_BLOCKS = YES;
				GCC_WARN_64_TO_32_BIT_CONVERSION = YES;
				GCC_WARN_ABOUT_RETURN_TYPE = YES_ERROR;
				GCC_WARN_UNDECLARED_SELECTOR = YES;
				GCC_WARN_UNINITIALIZED_AUTOS = YES_AGGRESSIVE;
				GCC_WARN_UNUSED_FUNCTION = YES;
				GCC_WARN_UNUSED_VARIABLE = YES;
				IPHONEOS_DEPLOYMENT_TARGET = 13.0;
				MTL_ENABLE_DEBUG_INFO = NO;
				MTL_FAST_MATH = YES;
				SDKROOT = iphoneos;
				SWIFT_COMPILATION_MODE = wholemodule;
				SWIFT_OPTIMIZATION_LEVEL = "-O";
				VALIDATE_PRODUCT = YES;
			};
			name = Release;
		};
		ADF205C4231FC228003E2629 /* Debug */ = {
			isa = XCBuildConfiguration;
			buildSettings = {
				ASSETCATALOG_COMPILER_APPICON_NAME = AppIcon;
				CODE_SIGN_STYLE = Automatic;
				INFOPLIST_FILE = SignInWithApple/Info.plist;
				LD_RUNPATH_SEARCH_PATHS = (
					"$(inherited)",
					"@executable_path/Frameworks",
				);
				PRODUCT_BUNDLE_IDENTIFIER = com.sud.SignInWithApple;
				PRODUCT_NAME = "$(TARGET_NAME)";
				SWIFT_VERSION = 5.0;
				TARGETED_DEVICE_FAMILY = "1,2";
			};
			name = Debug;
		};
		ADF205C5231FC228003E2629 /* Release */ = {
			isa = XCBuildConfiguration;
			buildSettings = {
				ASSETCATALOG_COMPILER_APPICON_NAME = AppIcon;
				CODE_SIGN_STYLE = Automatic;
				INFOPLIST_FILE = SignInWithApple/Info.plist;
				LD_RUNPATH_SEARCH_PATHS = (
					"$(inherited)",
					"@executable_path/Frameworks",
				);
				PRODUCT_BUNDLE_IDENTIFIER = com.sud.SignInWithApple;
				PRODUCT_NAME = "$(TARGET_NAME)";
				SWIFT_VERSION = 5.0;
				TARGETED_DEVICE_FAMILY = "1,2";
			};
			name = Release;
		};
		ADF205C7231FC228003E2629 /* Debug */ = {
			isa = XCBuildConfiguration;
			buildSettings = {
				ALWAYS_EMBED_SWIFT_STANDARD_LIBRARIES = YES;
				BUNDLE_LOADER = "$(TEST_HOST)";
				CODE_SIGN_STYLE = Automatic;
				INFOPLIST_FILE = SignInWithAppleTests/Info.plist;
				LD_RUNPATH_SEARCH_PATHS = (
					"$(inherited)",
					"@executable_path/Frameworks",
					"@loader_path/Frameworks",
				);
				PRODUCT_BUNDLE_IDENTIFIER = com.sud.SignInWithAppleTests;
				PRODUCT_NAME = "$(TARGET_NAME)";
				SWIFT_VERSION = 5.0;
				TARGETED_DEVICE_FAMILY = "1,2";
				TEST_HOST = "$(BUILT_PRODUCTS_DIR)/SignInWithApple.app/SignInWithApple";
			};
			name = Debug;
		};
		ADF205C8231FC228003E2629 /* Release */ = {
			isa = XCBuildConfiguration;
			buildSettings = {
				ALWAYS_EMBED_SWIFT_STANDARD_LIBRARIES = YES;
				BUNDLE_LOADER = "$(TEST_HOST)";
				CODE_SIGN_STYLE = Automatic;
				INFOPLIST_FILE = SignInWithAppleTests/Info.plist;
				LD_RUNPATH_SEARCH_PATHS = (
					"$(inherited)",
					"@executable_path/Frameworks",
					"@loader_path/Frameworks",
				);
				PRODUCT_BUNDLE_IDENTIFIER = com.sud.SignInWithAppleTests;
				PRODUCT_NAME = "$(TARGET_NAME)";
				SWIFT_VERSION = 5.0;
				TARGETED_DEVICE_FAMILY = "1,2";
				TEST_HOST = "$(BUILT_PRODUCTS_DIR)/SignInWithApple.app/SignInWithApple";
			};
			name = Release;
		};
		ADF205CA231FC228003E2629 /* Debug */ = {
			isa = XCBuildConfiguration;
			buildSettings = {
				ALWAYS_EMBED_SWIFT_STANDARD_LIBRARIES = YES;
				CODE_SIGN_STYLE = Automatic;
				INFOPLIST_FILE = SignInWithAppleUITests/Info.plist;
				LD_RUNPATH_SEARCH_PATHS = (
					"$(inherited)",
					"@executable_path/Frameworks",
					"@loader_path/Frameworks",
				);
				PRODUCT_BUNDLE_IDENTIFIER = com.sud.SignInWithAppleUITests;
				PRODUCT_NAME = "$(TARGET_NAME)";
				SWIFT_VERSION = 5.0;
				TARGETED_DEVICE_FAMILY = "1,2";
				TEST_TARGET_NAME = SignInWithApple;
			};
			name = Debug;
		};
		ADF205CB231FC228003E2629 /* Release */ = {
			isa = XCBuildConfiguration;
			buildSettings = {
				ALWAYS_EMBED_SWIFT_STANDARD_LIBRARIES = YES;
				CODE_SIGN_STYLE = Automatic;
				INFOPLIST_FILE = SignInWithAppleUITests/Info.plist;
				LD_RUNPATH_SEARCH_PATHS = (
					"$(inherited)",
					"@executable_path/Frameworks",
					"@loader_path/Frameworks",
				);
				PRODUCT_BUNDLE_IDENTIFIER = com.sud.SignInWithAppleUITests;
				PRODUCT_NAME = "$(TARGET_NAME)";
				SWIFT_VERSION = 5.0;
				TARGETED_DEVICE_FAMILY = "1,2";
				TEST_TARGET_NAME = SignInWithApple;
			};
			name = Release;
		};
/* End XCBuildConfiguration section */

/* Begin XCConfigurationList section */
		ADF20594231FC225003E2629 /* Build configuration list for PBXProject "SignInWithApple" */ = {
			isa = XCConfigurationList;
			buildConfigurations = (
				ADF205C1231FC228003E2629 /* Debug */,
				ADF205C2231FC228003E2629 /* Release */,
			);
			defaultConfigurationIsVisible = 0;
			defaultConfigurationName = Release;
		};
		ADF205C3231FC228003E2629 /* Build configuration list for PBXNativeTarget "SignInWithApple" */ = {
			isa = XCConfigurationList;
			buildConfigurations = (
				ADF205C4231FC228003E2629 /* Debug */,
				ADF205C5231FC228003E2629 /* Release */,
			);
			defaultConfigurationIsVisible = 0;
			defaultConfigurationName = Release;
		};
		ADF205C6231FC228003E2629 /* Build configuration list for PBXNativeTarget "SignInWithAppleTests" */ = {
			isa = XCConfigurationList;
			buildConfigurations = (
				ADF205C7231FC228003E2629 /* Debug */,
				ADF205C8231FC228003E2629 /* Release */,
			);
			defaultConfigurationIsVisible = 0;
			defaultConfigurationName = Release;
		};
		ADF205C9231FC228003E2629 /* Build configuration list for PBXNativeTarget "SignInWithAppleUITests" */ = {
			isa = XCConfigurationList;
			buildConfigurations = (
				ADF205CA231FC228003E2629 /* Debug */,
				ADF205CB231FC228003E2629 /* Release */,
			);
			defaultConfigurationIsVisible = 0;
			defaultConfigurationName = Release;
		};
/* End XCConfigurationList section */
	};
	rootObject = ADF20591231FC225003E2629 /* Project object */;
}
